
Microsoft Visual Studio Solution File, Format Version 12.00
# Visual Studio Version 17
VisualStudioVersion = 17.9.34728.123
MinimumVisualStudioVersion = 10.0.40219.1
Project("{FAE04EC0-301F-11D3-BF4B-00C04F79EFBC}") = "AS2425.3F.Prof.PCTODB", "AS2425.3F.Prof.PCTODB\AS2425.3F.Prof.PCTODB.csproj", "{B4113CBF-1A74-4E77-8C0B-0672C17507F2}"
EndProject
Global
	GlobalSection(SolutionConfigurationPlatforms) = preSolution
		Debug|Any CPU = Debug|Any CPU
		Release|Any CPU = Release|Any CPU
	EndGlobalSection
	GlobalSection(ProjectConfigurationPlatforms) = postSolution
		{B4113CBF-1A74-4E77-8C0B-0672C17507F2}.Debug|Any CPU.ActiveCfg = Debug|Any CPU
		{B4113CBF-1A74-4E77-8C0B-0672C17507F2}.Debug|Any CPU.Build.0 = Debug|Any CPU
		{B4113CBF-1A74-4E77-8C0B-0672C17507F2}.Release|Any CPU.ActiveCfg = Release|Any CPU
		{B4113CBF-1A74-4E77-8C0B-0672C17507F2}.Release|Any CPU.Build.0 = Release|Any CPU
	EndGlobalSection
	GlobalSection(SolutionProperties) = preSolution
		HideSolutionNode = FALSE
	EndGlobalSection
	GlobalSection(ExtensibilityGlobals) = postSolution
		SolutionGuid = {D73609F1-CDCE-4029-AE83-A840206BC024}
	EndGlobalSection
EndGlobal
